// !$*UTF8*$!
{
	archiveVersion = 1;
	classes = {
	};
	objectVersion = 46;
	objects = {

/* Begin PBXBuildFile section */
		A79737A21BD808B900B2325C /* AppDelegate.swift in Sources */ = {isa = PBXBuildFile; fileRef = A79737A11BD808B900B2325C /* AppDelegate.swift */; };
		A79737A41BD808B900B2325C /* MasterViewController.swift in Sources */ = {isa = PBXBuildFile; fileRef = A79737A31BD808B900B2325C /* MasterViewController.swift */; };
		A79737A61BD808B900B2325C /* DetailViewController.swift in Sources */ = {isa = PBXBuildFile; fileRef = A79737A51BD808B900B2325C /* DetailViewController.swift */; };
		A79737A91BD808BA00B2325C /* Main.storyboard in Resources */ = {isa = PBXBuildFile; fileRef = A79737A71BD808BA00B2325C /* Main.storyboard */; };
		A79737AB1BD808BA00B2325C /* Assets.xcassets in Resources */ = {isa = PBXBuildFile; fileRef = A79737AA1BD808BA00B2325C /* Assets.xcassets */; };
		A79737AE1BD808BA00B2325C /* LaunchScreen.storyboard in Resources */ = {isa = PBXBuildFile; fileRef = A79737AC1BD808BA00B2325C /* LaunchScreen.storyboard */; };
		A79737B91BD808BA00B2325C /* PruebaTests.swift in Sources */ = {isa = PBXBuildFile; fileRef = A79737B81BD808BA00B2325C /* PruebaTests.swift */; };
		A79737C41BD808BA00B2325C /* PruebaUITests.swift in Sources */ = {isa = PBXBuildFile; fileRef = A79737C31BD808BA00B2325C /* PruebaUITests.swift */; };
/* End PBXBuildFile section */

/* Begin PBXContainerItemProxy section */
		A79737B51BD808BA00B2325C /* PBXContainerItemProxy */ = {
			isa = PBXContainerItemProxy;
			containerPortal = A79737961BD808B800B2325C /* Project object */;
			proxyType = 1;
			remoteGlobalIDString = A797379D1BD808B800B2325C;
			remoteInfo = Prueba;
		};
		A79737C01BD808BA00B2325C /* PBXContainerItemProxy */ = {
			isa = PBXContainerItemProxy;
			containerPortal = A79737961BD808B800B2325C /* Project object */;
			proxyType = 1;
			remoteGlobalIDString = A797379D1BD808B800B2325C;
			remoteInfo = Prueba;
		};
/* End PBXContainerItemProxy section */

/* Begin PBXFileReference section */
		A797379E1BD808B900B2325C /* Prueba.app */ = {isa = PBXFileReference; explicitFileType = wrapper.application; includeInIndex = 0; path = Prueba.app; sourceTree = BUILT_PRODUCTS_DIR; };
		A79737A11BD808B900B2325C /* AppDelegate.swift */ = {isa = PBXFileReference; lastKnownFileType = sourcecode.swift; path = AppDelegate.swift; sourceTree = "<group>"; };
		A79737A31BD808B900B2325C /* MasterViewController.swift */ = {isa = PBXFileReference; lastKnownFileType = sourcecode.swift; path = MasterViewController.swift; sourceTree = "<group>"; };
		A79737A51BD808B900B2325C /* DetailViewController.swift */ = {isa = PBXFileReference; lastKnownFileType = sourcecode.swift; path = DetailViewController.swift; sourceTree = "<group>"; };
		A79737A81BD808BA00B2325C /* Base */ = {isa = PBXFileReference; lastKnownFileType = file.storyboard; name = Base; path = Base.lproj/Main.storyboard; sourceTree = "<group>"; };
		A79737AA1BD808BA00B2325C /* Assets.xcassets */ = {isa = PBXFileReference; lastKnownFileType = folder.assetcatalog; path = Assets.xcassets; sourceTree = "<group>"; };
		A79737AD1BD808BA00B2325C /* Base */ = {isa = PBXFileReference; lastKnownFileType = file.storyboard; name = Base; path = Base.lproj/LaunchScreen.storyboard; sourceTree = "<group>"; };
		A79737AF1BD808BA00B2325C /* Info.plist */ = {isa = PBXFileReference; lastKnownFileType = text.plist.xml; path = Info.plist; sourceTree = "<group>"; };
		A79737B41BD808BA00B2325C /* PruebaTests.xctest */ = {isa = PBXFileReference; explicitFileType = wrapper.cfbundle; includeInIndex = 0; path = PruebaTests.xctest; sourceTree = BUILT_PRODUCTS_DIR; };
		A79737B81BD808BA00B2325C /* PruebaTests.swift */ = {isa = PBXFileReference; lastKnownFileType = sourcecode.swift; path = PruebaTests.swift; sourceTree = "<group>"; };
		A79737BA1BD808BA00B2325C /* Info.plist */ = {isa = PBXFileReference; lastKnownFileType = text.plist.xml; path = Info.plist; sourceTree = "<group>"; };
		A79737BF1BD808BA00B2325C /* PruebaUITests.xctest */ = {isa = PBXFileReference; explicitFileType = wrapper.cfbundle; includeInIndex = 0; path = PruebaUITests.xctest; sourceTree = BUILT_PRODUCTS_DIR; };
		A79737C31BD808BA00B2325C /* PruebaUITests.swift */ = {isa = PBXFileReference; lastKnownFileType = sourcecode.swift; path = PruebaUITests.swift; sourceTree = "<group>"; };
		A79737C51BD808BA00B2325C /* Info.plist */ = {isa = PBXFileReference; lastKnownFileType = text.plist.xml; path = Info.plist; sourceTree = "<group>"; };
/* End PBXFileReference section */

/* Begin PBXFrameworksBuildPhase section */
		A797379B1BD808B800B2325C /* Frameworks */ = {
			isa = PBXFrameworksBuildPhase;
			buildActionMask = 2147483647;
			files = (
			);
			runOnlyForDeploymentPostprocessing = 0;
		};
		A79737B11BD808BA00B2325C /* Frameworks */ = {
			isa = PBXFrameworksBuildPhase;
			buildActionMask = 2147483647;
			files = (
			);
			runOnlyForDeploymentPostprocessing = 0;
		};
		A79737BC1BD808BA00B2325C /* Frameworks */ = {
			isa = PBXFrameworksBuildPhase;
			buildActionMask = 2147483647;
			files = (
			);
			runOnlyForDeploymentPostprocessing = 0;
		};
/* End PBXFrameworksBuildPhase section */

/* Begin PBXGroup section */
		A79737951BD808B800B2325C = {
			isa = PBXGroup;
			children = (
				A79737A01BD808B900B2325C /* Prueba */,
				A79737B71BD808BA00B2325C /* PruebaTests */,
				A79737C21BD808BA00B2325C /* PruebaUITests */,
				A797379F1BD808B900B2325C /* Products */,
			);
			sourceTree = "<group>";
		};
		A797379F1BD808B900B2325C /* Products */ = {
			isa = PBXGroup;
			children = (
				A797379E1BD808B900B2325C /* Prueba.app */,
				A79737B41BD808BA00B2325C /* PruebaTests.xctest */,
				A79737BF1BD808BA00B2325C /* PruebaUITests.xctest */,
			);
			name = Products;
			sourceTree = "<group>";
		};
		A79737A01BD808B900B2325C /* Prueba */ = {
			isa = PBXGroup;
			children = (
				A79737A11BD808B900B2325C /* AppDelegate.swift */,
				A79737A31BD808B900B2325C /* MasterViewController.swift */,
				A79737A51BD808B900B2325C /* DetailViewController.swift */,
				A79737A71BD808BA00B2325C /* Main.storyboard */,
				A79737AA1BD808BA00B2325C /* Assets.xcassets */,
				A79737AC1BD808BA00B2325C /* LaunchScreen.storyboard */,
				A79737AF1BD808BA00B2325C /* Info.plist */,
			);
			path = Prueba;
			sourceTree = "<group>";
		};
		A79737B71BD808BA00B2325C /* PruebaTests */ = {
			isa = PBXGroup;
			children = (
				A79737B81BD808BA00B2325C /* PruebaTests.swift */,
				A79737BA1BD808BA00B2325C /* Info.plist */,
			);
			path = PruebaTests;
			sourceTree = "<group>";
		};
		A79737C21BD808BA00B2325C /* PruebaUITests */ = {
			isa = PBXGroup;
			children = (
				A79737C31BD808BA00B2325C /* PruebaUITests.swift */,
				A79737C51BD808BA00B2325C /* Info.plist */,
			);
			path = PruebaUITests;
			sourceTree = "<group>";
		};
/* End PBXGroup section */

/* Begin PBXNativeTarget section */
		A797379D1BD808B800B2325C /* Prueba */ = {
			isa = PBXNativeTarget;
			buildConfigurationList = A79737C81BD808BA00B2325C /* Build configuration list for PBXNativeTarget "Prueba" */;
			buildPhases = (
				A797379A1BD808B800B2325C /* Sources */,
				A797379B1BD808B800B2325C /* Frameworks */,
				A797379C1BD808B800B2325C /* Resources */,
			);
			buildRules = (
			);
			dependencies = (
			);
			name = Prueba;
			productName = Prueba;
			productReference = A797379E1BD808B900B2325C /* Prueba.app */;
			productType = "com.apple.product-type.application";
		};
		A79737B31BD808BA00B2325C /* PruebaTests */ = {
			isa = PBXNativeTarget;
			buildConfigurationList = A79737CB1BD808BA00B2325C /* Build configuration list for PBXNativeTarget "PruebaTests" */;
			buildPhases = (
				A79737B01BD808BA00B2325C /* Sources */,
				A79737B11BD808BA00B2325C /* Frameworks */,
				A79737B21BD808BA00B2325C /* Resources */,
			);
			buildRules = (
			);
			dependencies = (
				A79737B61BD808BA00B2325C /* PBXTargetDependency */,
			);
			name = PruebaTests;
			productName = PruebaTests;
			productReference = A79737B41BD808BA00B2325C /* PruebaTests.xctest */;
			productType = "com.apple.product-type.bundle.unit-test";
		};
		A79737BE1BD808BA00B2325C /* PruebaUITests */ = {
			isa = PBXNativeTarget;
			buildConfigurationList = A79737CE1BD808BA00B2325C /* Build configuration list for PBXNativeTarget "PruebaUITests" */;
			buildPhases = (
				A79737BB1BD808BA00B2325C /* Sources */,
				A79737BC1BD808BA00B2325C /* Frameworks */,
				A79737BD1BD808BA00B2325C /* Resources */,
			);
			buildRules = (
			);
			dependencies = (
				A79737C11BD808BA00B2325C /* PBXTargetDependency */,
			);
			name = PruebaUITests;
			productName = PruebaUITests;
			productReference = A79737BF1BD808BA00B2325C /* PruebaUITests.xctest */;
			productType = "com.apple.product-type.bundle.ui-testing";
		};
/* End PBXNativeTarget section */

/* Begin PBXProject section */
		A79737961BD808B800B2325C /* Project object */ = {
			isa = PBXProject;
			attributes = {
				LastSwiftUpdateCheck = 0710;
				LastUpgradeCheck = 0710;
				ORGANIZATIONNAME = "Juan Angel Cepeda Guajardo";
				TargetAttributes = {
					A797379D1BD808B800B2325C = {
						CreatedOnToolsVersion = 7.1;
					};
					A79737B31BD808BA00B2325C = {
						CreatedOnToolsVersion = 7.1;
						TestTargetID = A797379D1BD808B800B2325C;
					};
					A79737BE1BD808BA00B2325C = {
						CreatedOnToolsVersion = 7.1;
						TestTargetID = A797379D1BD808B800B2325C;
					};
				};
			};
			buildConfigurationList = A79737991BD808B800B2325C /* Build configuration list for PBXProject "Prueba" */;
			compatibilityVersion = "Xcode 3.2";
			developmentRegion = English;
			hasScannedForEncodings = 0;
			knownRegions = (
				en,
				Base,
			);
			mainGroup = A79737951BD808B800B2325C;
			productRefGroup = A797379F1BD808B900B2325C /* Products */;
			projectDirPath = "";
			projectRoot = "";
			targets = (
				A797379D1BD808B800B2325C /* Prueba */,
				A79737B31BD808BA00B2325C /* PruebaTests */,
				A79737BE1BD808BA00B2325C /* PruebaUITests */,
			);
		};
/* End PBXProject section */

/* Begin PBXResourcesBuildPhase section */
		A797379C1BD808B800B2325C /* Resources */ = {
			isa = PBXResourcesBuildPhase;
			buildActionMask = 2147483647;
			files = (
				A79737AE1BD808BA00B2325C /* LaunchScreen.storyboard in Resources */,
				A79737AB1BD808BA00B2325C /* Assets.xcassets in Resources */,
				A79737A91BD808BA00B2325C /* Main.storyboard in Resources */,
			);
			runOnlyForDeploymentPostprocessing = 0;
		};
		A79737B21BD808BA00B2325C /* Resources */ = {
			isa = PBXResourcesBuildPhase;
			buildActionMask = 2147483647;
			files = (
			);
			runOnlyForDeploymentPostprocessing = 0;
		};
		A79737BD1BD808BA00B2325C /* Resources */ = {
			isa = PBXResourcesBuildPhase;
			buildActionMask = 2147483647;
			files = (
			);
			runOnlyForDeploymentPostprocessing = 0;
		};
/* End PBXResourcesBuildPhase section */

/* Begin PBXSourcesBuildPhase section */
		A797379A1BD808B800B2325C /* Sources */ = {
			isa = PBXSourcesBuildPhase;
			buildActionMask = 2147483647;
			files = (
				A79737A61BD808B900B2325C /* DetailViewController.swift in Sources */,
				A79737A41BD808B900B2325C /* MasterViewController.swift in Sources */,
				A79737A21BD808B900B2325C /* AppDelegate.swift in Sources */,
			);
			runOnlyForDeploymentPostprocessing = 0;
		};
		A79737B01BD808BA00B2325C /* Sources */ = {
			isa = PBXSourcesBuildPhase;
			buildActionMask = 2147483647;
			files = (
				A79737B91BD808BA00B2325C /* PruebaTests.swift in Sources */,
			);
			runOnlyForDeploymentPostprocessing = 0;
		};
		A79737BB1BD808BA00B2325C /* Sources */ = {
			isa = PBXSourcesBuildPhase;
			buildActionMask = 2147483647;
			files = (
				A79737C41BD808BA00B2325C /* PruebaUITests.swift in Sources */,
			);
			runOnlyForDeploymentPostprocessing = 0;
		};
/* End PBXSourcesBuildPhase section */

/* Begin PBXTargetDependency section */
		A79737B61BD808BA00B2325C /* PBXTargetDependency */ = {
			isa = PBXTargetDependency;
			target = A797379D1BD808B800B2325C /* Prueba */;
			targetProxy = A79737B51BD808BA00B2325C /* PBXContainerItemProxy */;
		};
		A79737C11BD808BA00B2325C /* PBXTargetDependency */ = {
			isa = PBXTargetDependency;
			target = A797379D1BD808B800B2325C /* Prueba */;
			targetProxy = A79737C01BD808BA00B2325C /* PBXContainerItemProxy */;
		};
/* End PBXTargetDependency section */

/* Begin PBXVariantGroup section */
		A79737A71BD808BA00B2325C /* Main.storyboard */ = {
			isa = PBXVariantGroup;
			children = (
				A79737A81BD808BA00B2325C /* Base */,
			);
			name = Main.storyboard;
			sourceTree = "<group>";
		};
		A79737AC1BD808BA00B2325C /* LaunchScreen.storyboard */ = {
			isa = PBXVariantGroup;
			children = (
				A79737AD1BD808BA00B2325C /* Base */,
			);
			name = LaunchScreen.storyboard;
			sourceTree = "<group>";
		};
/* End PBXVariantGroup section */

/* Begin XCBuildConfiguration section */
		A79737C61BD808BA00B2325C /* Debug */ = {
			isa = XCBuildConfiguration;
			buildSettings = {
				ALWAYS_SEARCH_USER_PATHS = NO;
				CLANG_CXX_LANGUAGE_STANDARD = "gnu++0x";
				CLANG_CXX_LIBRARY = "libc++";
				CLANG_ENABLE_MODULES = YES;
				CLANG_ENABLE_OBJC_ARC = YES;
				CLANG_WARN_BOOL_CONVERSION = YES;
				CLANG_WARN_CONSTANT_CONVERSION = YES;
				CLANG_WARN_DIRECT_OBJC_ISA_USAGE = YES_ERROR;
				CLANG_WARN_EMPTY_BODY = YES;
				CLANG_WARN_ENUM_CONVERSION = YES;
				CLANG_WARN_INT_CONVERSION = YES;
				CLANG_WARN_OBJC_ROOT_CLASS = YES_ERROR;
				CLANG_WARN_UNREACHABLE_CODE = YES;
				CLANG_WARN__DUPLICATE_METHOD_MATCH = YES;
				"CODE_SIGN_IDENTITY[sdk=iphoneos*]" = "iPhone Developer";
				COPY_PHASE_STRIP = NO;
				DEBUG_INFORMATION_FORMAT = dwarf;
				ENABLE_STRICT_OBJC_MSGSEND = YES;
				ENABLE_TESTABILITY = YES;
				GCC_C_LANGUAGE_STANDARD = gnu99;
				GCC_DYNAMIC_NO_PIC = NO;
				GCC_NO_COMMON_BLOCKS = YES;
				GCC_OPTIMIZATION_LEVEL = 0;
				GCC_PREPROCESSOR_DEFINITIONS = (
					"DEBUG=1",
					"$(inherited)",
				);
				GCC_WARN_64_TO_32_BIT_CONVERSION = YES;
				GCC_WARN_ABOUT_RETURN_TYPE = YES_ERROR;
				GCC_WARN_UNDECLARED_SELECTOR = YES;
				GCC_WARN_UNINITIALIZED_AUTOS = YES_AGGRESSIVE;
				GCC_WARN_UNUSED_FUNCTION = YES;
				GCC_WARN_UNUSED_VARIABLE = YES;
				IPHONEOS_DEPLOYMENT_TARGET = 9.1;
				MTL_ENABLE_DEBUG_INFO = YES;
				ONLY_ACTIVE_ARCH = YES;
				SDKROOT = iphoneos;
				SWIFT_OPTIMIZATION_LEVEL = "-Onone";
				TARGETED_DEVICE_FAMILY = "1,2";
			};
			name = Debug;
		};
		A79737C71BD808BA00B2325C /* Release */ = {
			isa = XCBuildConfiguration;
			buildSettings = {
				ALWAYS_SEARCH_USER_PATHS = NO;
				CLANG_CXX_LANGUAGE_STANDARD = "gnu++0x";
				CLANG_CXX_LIBRARY = "libc++";
				CLANG_ENABLE_MODULES = YES;
				CLANG_ENABLE_OBJC_ARC = YES;
				CLANG_WARN_BOOL_CONVERSION = YES;
				CLANG_WARN_CONSTANT_CONVERSION = YES;
				CLANG_WARN_DIRECT_OBJC_ISA_USAGE = YES_ERROR;
				CLANG_WARN_EMPTY_BODY = YES;
				CLANG_WARN_ENUM_CONVERSION = YES;
				CLANG_WARN_INT_CONVERSION = YES;
				CLANG_WARN_OBJC_ROOT_CLASS = YES_ERROR;
				CLANG_WARN_UNREACHABLE_CODE = YES;
				CLANG_WARN__DUPLICATE_METHOD_MATCH = YES;
				"CODE_SIGN_IDENTITY[sdk=iphoneos*]" = "iPhone Developer";
				COPY_PHASE_STRIP = NO;
				DEBUG_INFORMATION_FORMAT = "dwarf-with-dsym";
				ENABLE_NS_ASSERTIONS = NO;
				ENABLE_STRICT_OBJC_MSGSEND = YES;
				GCC_C_LANGUAGE_STANDARD = gnu99;
				GCC_NO_COMMON_BLOCKS = YES;
				GCC_WARN_64_TO_32_BIT_CONVERSION = YES;
				GCC_WARN_ABOUT_RETURN_TYPE = YES_ERROR;
				GCC_WARN_UNDECLARED_SELECTOR = YES;
				GCC_WARN_UNINITIALIZED_AUTOS = YES_AGGRESSIVE;
				GCC_WARN_UNUSED_FUNCTION = YES;
				GCC_WARN_UNUSED_VARIABLE = YES;
				IPHONEOS_DEPLOYMENT_TARGET = 9.1;
				MTL_ENABLE_DEBUG_INFO = NO;
				SDKROOT = iphoneos;
				TARGETED_DEVICE_FAMILY = "1,2";
				VALIDATE_PRODUCT = YES;
			};
			name = Release;
		};
		A79737C91BD808BA00B2325C /* Debug */ = {
			isa = XCBuildConfiguration;
			buildSettings = {
				ASSETCATALOG_COMPILER_APPICON_NAME = AppIcon;
				INFOPLIST_FILE = Prueba/Info.plist;
				LD_RUNPATH_SEARCH_PATHS = "$(inherited) @executable_path/Frameworks";
				PRODUCT_BUNDLE_IDENTIFIER = Prueba.Prueba;
				PRODUCT_NAME = "$(TARGET_NAME)";
			};
			name = Debug;
		};
		A79737CA1BD808BA00B2325C /* Release */ = {
			isa = XCBuildConfiguration;
			buildSettings = {
				ASSETCATALOG_COMPILER_APPICON_NAME = AppIcon;
				INFOPLIST_FILE = Prueba/Info.plist;
				LD_RUNPATH_SEARCH_PATHS = "$(inherited) @executable_path/Frameworks";
				PRODUCT_BUNDLE_IDENTIFIER = Prueba.Prueba;
				PRODUCT_NAME = "$(TARGET_NAME)";
			};
			name = Release;
		};
		A79737CC1BD808BA00B2325C /* Debug */ = {
			isa = XCBuildConfiguration;
			buildSettings = {
				BUNDLE_LOADER = "$(TEST_HOST)";
				INFOPLIST_FILE = PruebaTests/Info.plist;
				LD_RUNPATH_SEARCH_PATHS = "$(inherited) @executable_path/Frameworks @loader_path/Frameworks";
				PRODUCT_BUNDLE_IDENTIFIER = Prueba.PruebaTests;
				PRODUCT_NAME = "$(TARGET_NAME)";
				TEST_HOST = "$(BUILT_PRODUCTS_DIR)/Prueba.app/Prueba";
			};
			name = Debug;
		};
		A79737CD1BD808BA00B2325C /* Release */ = {
			isa = XCBuildConfiguration;
			buildSettings = {
				BUNDLE_LOADER = "$(TEST_HOST)";
				INFOPLIST_FILE = PruebaTests/Info.plist;
				LD_RUNPATH_SEARCH_PATHS = "$(inherited) @executable_path/Frameworks @loader_path/Frameworks";
				PRODUCT_BUNDLE_IDENTIFIER = Prueba.PruebaTests;
				PRODUCT_NAME = "$(TARGET_NAME)";
				TEST_HOST = "$(BUILT_PRODUCTS_DIR)/Prueba.app/Prueba";
			};
			name = Release;
		};
		A79737CF1BD808BA00B2325C /* Debug */ = {
			isa = XCBuildConfiguration;
			buildSettings = {
				INFOPLIST_FILE = PruebaUITests/Info.plist;
				LD_RUNPATH_SEARCH_PATHS = "$(inherited) @executable_path/Frameworks @loader_path/Frameworks";
				PRODUCT_BUNDLE_IDENTIFIER = Prueba.PruebaUITests;
				PRODUCT_NAME = "$(TARGET_NAME)";
				TEST_TARGET_NAME = Prueba;
				USES_XCTRUNNER = YES;
			};
			name = Debug;
		};
		A79737D01BD808BA00B2325C /* Release */ = {
			isa = XCBuildConfiguration;
			buildSettings = {
				INFOPLIST_FILE = PruebaUITests/Info.plist;
				LD_RUNPATH_SEARCH_PATHS = "$(inherited) @executable_path/Frameworks @loader_path/Frameworks";
				PRODUCT_BUNDLE_IDENTIFIER = Prueba.PruebaUITests;
				PRODUCT_NAME = "$(TARGET_NAME)";
				TEST_TARGET_NAME = Prueba;
				USES_XCTRUNNER = YES;
			};
			name = Release;
		};
/* End XCBuildConfiguration section */

/* Begin XCConfigurationList section */
		A79737991BD808B800B2325C /* Build configuration list for PBXProject "Prueba" */ = {
			isa = XCConfigurationList;
			buildConfigurations = (
				A79737C61BD808BA00B2325C /* Debug */,
				A79737C71BD808BA00B2325C /* Release */,
			);
			defaultConfigurationIsVisible = 0;
			defaultConfigurationName = Release;
		};
		A79737C81BD808BA00B2325C /* Build configuration list for PBXNativeTarget "Prueba" */ = {
			isa = XCConfigurationList;
			buildConfigurations = (
				A79737C91BD808BA00B2325C /* Debug */,
				A79737CA1BD808BA00B2325C /* Release */,
			);
			defaultConfigurationIsVisible = 0;
		};
		A79737CB1BD808BA00B2325C /* Build configuration list for PBXNativeTarget "PruebaTests" */ = {
			isa = XCConfigurationList;
			buildConfigurations = (
				A79737CC1BD808BA00B2325C /* Debug */,
				A79737CD1BD808BA00B2325C /* Release */,
			);
			defaultConfigurationIsVisible = 0;
		};
		A79737CE1BD808BA00B2325C /* Build configuration list for PBXNativeTarget "PruebaUITests" */ = {
			isa = XCConfigurationList;
			buildConfigurations = (
				A79737CF1BD808BA00B2325C /* Debug */,
				A79737D01BD808BA00B2325C /* Release */,
			);
			defaultConfigurationIsVisible = 0;
		};
/* End XCConfigurationList section */
	};
	rootObject = A79737961BD808B800B2325C /* Project object */;
}
